version = 1
requires-python = ">=3.12"
resolution-markers = [
    "platform_system == 'Darwin' and python_full_version >= '3.12'",
    "platform_machine == 'aarch64' and platform_system == 'Linux' and python_full_version >= '3.12'",
    "(platform_machine != 'aarch64' and platform_system != 'Darwin') or (platform_system != 'Darwin' and platform_system != 'Linux')",
]

[[package]]
name = "colorama"
version = "0.4.6"
source = { registry = "https://pypi.org/simple" }
sdist = { url = "https://files.pythonhosted.org/packages/d8/53/6f443c9a4a8358a93a6792e2acffb9d9d5cb0a5cfd8802644b7b1c9a02e4/colorama-0.4.6.tar.gz", hash = "sha256:08695f5cb7ed6e0531a20572697297273c47b8cae5a63ffc6d6ed5c201be6e44", size = 27697 }
wheels = [
    { url = "https://files.pythonhosted.org/packages/d1/d6/3965ed04c63042e047cb6a3e6ed1a63a35087b6a609aa3a15ed8ac56c221/colorama-0.4.6-py2.py3-none-any.whl", hash = "sha256:4f1d9991f5acc0ca119f9d443620b77f9d6b33703e51011c16baf57afb285fc6", size = 25335 },
]

[[package]]
name = "iniconfig"
version = "2.0.0"
source = { registry = "https://pypi.org/simple" }
sdist = { url = "https://files.pythonhosted.org/packages/d7/4b/cbd8e699e64a6f16ca3a8220661b5f83792b3017d0f79807cb8708d33913/iniconfig-2.0.0.tar.gz", hash = "sha256:2d91e135bf72d31a410b17c16da610a82cb55f6b0477d1a902134b24a455b8b3", size = 4646 }
wheels = [
    { url = "https://files.pythonhosted.org/packages/ef/a6/62565a6e1cf69e10f5727360368e451d4b7f58beeac6173dc9db836a5b46/iniconfig-2.0.0-py3-none-any.whl", hash = "sha256:b6a85871a79d2e3b22d2d1b94ac2824226a63c6b741c88f7ae975f18b6778374", size = 5892 },
]

[[package]]
name = "leash"
version = "0.1.0"
source = { virtual = "." }
dependencies = [
    { name = "opencv-python", marker = "python_full_version >= '3.12'" },
    { name = "pyserial", marker = "python_full_version >= '3.12'" },
    { name = "ruff", marker = "python_full_version >= '3.12'" },
]

[package.dev-dependencies]
dev = [
    { name = "pytest", marker = "python_full_version >= '3.12'" },
]

[package.metadata]
requires-dist = [
    { name = "opencv-python", specifier = ">=4.10.0.84" },
    { name = "pyserial", specifier = ">=3.5" },
    { name = "ruff", specifier = ">=0.7.1" },
]

[package.metadata.requires-dev]
dev = [{ name = "pytest", specifier = ">=8.3.3" }]

[[package]]
name = "numpy"
version = "2.1.2"
source = { registry = "https://pypi.org/simple" }
sdist = { url = "https://files.pythonhosted.org/packages/4b/d1/8a730ea07f4a37d94f9172f4ce1d81064b7a64766b460378be278952de75/numpy-2.1.2.tar.gz", hash = "sha256:13532a088217fa624c99b843eeb54640de23b3414b14aa66d023805eb731066c", size = 18878063 }
wheels = [
    { url = "https://files.pythonhosted.org/packages/a0/7d/554a6838f37f3ada5a55f25173c619d556ae98092a6e01afb6e710501d70/numpy-2.1.2-cp312-cp312-macosx_10_13_x86_64.whl", hash = "sha256:d7bf0a4f9f15b32b5ba53147369e94296f5fffb783db5aacc1be15b4bf72f43b", size = 20848077 },
    { url = "https://files.pythonhosted.org/packages/b0/29/cb48a402ea879e645b16218718f3f7d9588a77d674a9dcf22e4c43487636/numpy-2.1.2-cp312-cp312-macosx_11_0_arm64.whl", hash = "sha256:b1d0fcae4f0949f215d4632be684a539859b295e2d0cb14f78ec231915d644db", size = 13493242 },
    { url = "https://files.pythonhosted.org/packages/56/44/f899b0581766c230da42f751b7b8896d096640b19b312164c267e48d36cb/numpy-2.1.2-cp312-cp312-macosx_14_0_arm64.whl", hash = "sha256:f751ed0a2f250541e19dfca9f1eafa31a392c71c832b6bb9e113b10d050cb0f1", size = 5089219 },
    { url = "https://files.pythonhosted.org/packages/79/8f/b987070d45161a7a4504afc67ed38544ed2c0ed5576263599a0402204a9c/numpy-2.1.2-cp312-cp312-macosx_14_0_x86_64.whl", hash = "sha256:bd33f82e95ba7ad632bc57837ee99dba3d7e006536200c4e9124089e1bf42426", size = 6620167 },
    { url = "https://files.pythonhosted.org/packages/c4/a7/af3329fda3c3ec31d9b650e42bbcd3422fc62a765cbb1405fde4177a0996/numpy-2.1.2-cp312-cp312-manylinux_2_17_aarch64.manylinux2014_aarch64.whl", hash = "sha256:1b8cde4f11f0a975d1fd59373b32e2f5a562ade7cde4f85b7137f3de8fbb29a0", size = 13604905 },
    { url = "https://files.pythonhosted.org/packages/9b/b4/e3c7e6fab0f77fff6194afa173d1f2342073d91b1d3b4b30b17c3fb4407a/numpy-2.1.2-cp312-cp312-manylinux_2_17_x86_64.manylinux2014_x86_64.whl", hash = "sha256:6d95f286b8244b3649b477ac066c6906fbb2905f8ac19b170e2175d3d799f4df", size = 16041825 },
    { url = "https://files.pythonhosted.org/packages/e9/50/6828e66a78aa03147c111f84d55f33ce2dde547cb578d6744a3b06a0124b/numpy-2.1.2-cp312-cp312-musllinux_1_1_x86_64.whl", hash = "sha256:ab4754d432e3ac42d33a269c8567413bdb541689b02d93788af4131018cbf366", size = 16409541 },
    { url = "https://files.pythonhosted.org/packages/bf/72/66af7916d9c3c6dbfbc8acdd4930c65461e1953374a2bc43d00f948f004a/numpy-2.1.2-cp312-cp312-musllinux_1_2_aarch64.whl", hash = "sha256:e585c8ae871fd38ac50598f4763d73ec5497b0de9a0ab4ef5b69f01c6a046142", size = 14081134 },
    { url = "https://files.pythonhosted.org/packages/dc/5a/59a67d84f33fe00ae74f0b5b69dd4f93a586a4aba7f7e19b54b2133db038/numpy-2.1.2-cp312-cp312-win32.whl", hash = "sha256:9c6c754df29ce6a89ed23afb25550d1c2d5fdb9901d9c67a16e0b16eaf7e2550", size = 6237784 },
    { url = "https://files.pythonhosted.org/packages/4c/79/73735a6a5dad6059c085f240a4e74c9270feccd2bc66e4d31b5ca01d329c/numpy-2.1.2-cp312-cp312-win_amd64.whl", hash = "sha256:456e3b11cb79ac9946c822a56346ec80275eaf2950314b249b512896c0d2505e", size = 12568254 },
    { url = "https://files.pythonhosted.org/packages/16/72/716fa1dbe92395a9a623d5049203ff8ddb0cfce65b9df9117c3696ccc011/numpy-2.1.2-cp313-cp313-macosx_10_13_x86_64.whl", hash = "sha256:a84498e0d0a1174f2b3ed769b67b656aa5460c92c9554039e11f20a05650f00d", size = 20834690 },
    { url = "https://files.pythonhosted.org/packages/1e/fb/3e85a39511586053b5c6a59a643879e376fae22230ebfef9cfabb0e032e2/numpy-2.1.2-cp313-cp313-macosx_11_0_arm64.whl", hash = "sha256:4d6ec0d4222e8ffdab1744da2560f07856421b367928026fb540e1945f2eeeaf", size = 13507474 },
    { url = "https://files.pythonhosted.org/packages/35/eb/5677556d9ba13436dab51e129f98d4829d95cd1b6bd0e199c14485a4bdb9/numpy-2.1.2-cp313-cp313-macosx_14_0_arm64.whl", hash = "sha256:259ec80d54999cc34cd1eb8ded513cb053c3bf4829152a2e00de2371bd406f5e", size = 5074742 },
    { url = "https://files.pythonhosted.org/packages/3e/c5/6c5ef5ba41b65a7e51bed50dbf3e1483eb578055633dd013e811a28e96a1/numpy-2.1.2-cp313-cp313-macosx_14_0_x86_64.whl", hash = "sha256:675c741d4739af2dc20cd6c6a5c4b7355c728167845e3c6b0e824e4e5d36a6c3", size = 6606787 },
    { url = "https://files.pythonhosted.org/packages/08/ac/f2f29dd4fd325b379c7dc932a0ebab22f0e031dbe80b2f6019b291a3a544/numpy-2.1.2-cp313-cp313-manylinux_2_17_aarch64.manylinux2014_aarch64.whl", hash = "sha256:05b2d4e667895cc55e3ff2b56077e4c8a5604361fc21a042845ea3ad67465aa8", size = 13601333 },
    { url = "https://files.pythonhosted.org/packages/44/26/63f5f4e5089654dfb858f4892215ed968cd1a68e6f4a83f9961f84f855cb/numpy-2.1.2-cp313-cp313-manylinux_2_17_x86_64.manylinux2014_x86_64.whl", hash = "sha256:43cca367bf94a14aca50b89e9bc2061683116cfe864e56740e083392f533ce7a", size = 16038090 },
    { url = "https://files.pythonhosted.org/packages/1d/21/015e0594de9c3a8d5edd24943d2bd23f102ec71aec026083f822f86497e2/numpy-2.1.2-cp313-cp313-musllinux_1_1_x86_64.whl", hash = "sha256:76322dcdb16fccf2ac56f99048af32259dcc488d9b7e25b51e5eca5147a3fb98", size = 16410865 },
    { url = "https://files.pythonhosted.org/packages/df/01/c1bcf9e6025d79077fbf3f3ee503b50aa7bfabfcd8f4b54f5829f4c00f3f/numpy-2.1.2-cp313-cp313-musllinux_1_2_aarch64.whl", hash = "sha256:32e16a03138cabe0cb28e1007ee82264296ac0983714094380b408097a418cfe", size = 14078077 },
    { url = "https://files.pythonhosted.org/packages/ba/06/db9d127d63bd11591770ba9f3d960f8041e0f895184b9351d4b1b5b56983/numpy-2.1.2-cp313-cp313-win32.whl", hash = "sha256:242b39d00e4944431a3cd2db2f5377e15b5785920421993770cddb89992c3f3a", size = 6234904 },
    { url = "https://files.pythonhosted.org/packages/a9/96/9f61f8f95b6e0ea0aa08633b704c75d1882bdcb331bdf8bfd63263b25b00/numpy-2.1.2-cp313-cp313-win_amd64.whl", hash = "sha256:f2ded8d9b6f68cc26f8425eda5d3877b47343e68ca23d0d0846f4d312ecaa445", size = 12561910 },
    { url = "https://files.pythonhosted.org/packages/36/b8/033f627821784a48e8f75c218033471eebbaacdd933f8979c79637a1b44b/numpy-2.1.2-cp313-cp313t-macosx_10_13_x86_64.whl", hash = "sha256:2ffef621c14ebb0188a8633348504a35c13680d6da93ab5cb86f4e54b7e922b5", size = 20857719 },
    { url = "https://files.pythonhosted.org/packages/96/46/af5726fde5b74ed83f2f17a73386d399319b7ed4d51279fb23b721d0816d/numpy-2.1.2-cp313-cp313t-macosx_11_0_arm64.whl", hash = "sha256:ad369ed238b1959dfbade9018a740fb9392c5ac4f9b5173f420bd4f37ba1f7a0", size = 13518826 },
    { url = "https://files.pythonhosted.org/packages/db/6e/8ce677edf36da1c4dae80afe5529f47690697eb55b4864673af260ccea7b/numpy-2.1.2-cp313-cp313t-macosx_14_0_arm64.whl", hash = "sha256:d82075752f40c0ddf57e6e02673a17f6cb0f8eb3f587f63ca1eaab5594da5b17", size = 5115036 },
    { url = "https://files.pythonhosted.org/packages/6a/ba/3cce44fb1b8438042c11847048812a776f75ee0e7070179c22e4cfbf420c/numpy-2.1.2-cp313-cp313t-macosx_14_0_x86_64.whl", hash = "sha256:1600068c262af1ca9580a527d43dc9d959b0b1d8e56f8a05d830eea39b7c8af6", size = 6628641 },
    { url = "https://files.pythonhosted.org/packages/59/c8/e722998720ccbd35ffbcf1d1b8ed0aa2304af88d3f1c38e06ebf983599b3/numpy-2.1.2-cp313-cp313t-manylinux_2_17_aarch64.manylinux2014_aarch64.whl", hash = "sha256:a26ae94658d3ba3781d5e103ac07a876b3e9b29db53f68ed7df432fd033358a8", size = 13574803 },
    { url = "https://files.pythonhosted.org/packages/7c/8e/fc1fdd83a55476765329ac2913321c4aed5b082a7915095628c4ca30ea72/numpy-2.1.2-cp313-cp313t-manylinux_2_17_x86_64.manylinux2014_x86_64.whl", hash = "sha256:13311c2db4c5f7609b462bc0f43d3c465424d25c626d95040f073e30f7570e35", size = 16021174 },
    { url = "https://files.pythonhosted.org/packages/2a/b6/a790742aa88067adb4bd6c89a946778c1417d4deaeafce3ca928f26d4c52/numpy-2.1.2-cp313-cp313t-musllinux_1_1_x86_64.whl", hash = "sha256:2abbf905a0b568706391ec6fa15161fad0fb5d8b68d73c461b3c1bab6064dd62", size = 16400117 },
    { url = "https://files.pythonhosted.org/packages/48/6f/129e3c17e3befe7fefdeaa6890f4c4df3f3cf0831aa053802c3862da67aa/numpy-2.1.2-cp313-cp313t-musllinux_1_2_aarch64.whl", hash = "sha256:ef444c57d664d35cac4e18c298c47d7b504c66b17c2ea91312e979fcfbdfb08a", size = 14066202 },
]

[[package]]
name = "opencv-python"
version = "4.10.0.84"
source = { registry = "https://pypi.org/simple" }
dependencies = [
    { name = "numpy", marker = "python_full_version >= '3.12'" },
]
sdist = { url = "https://files.pythonhosted.org/packages/4a/e7/b70a2d9ab205110d715906fc8ec83fbb00404aeb3a37a0654fdb68eb0c8c/opencv-python-4.10.0.84.tar.gz", hash = "sha256:72d234e4582e9658ffea8e9cae5b63d488ad06994ef12d81dc303b17472f3526", size = 95103981 }
wheels = [
    { url = "https://files.pythonhosted.org/packages/66/82/564168a349148298aca281e342551404ef5521f33fba17b388ead0a84dc5/opencv_python-4.10.0.84-cp37-abi3-macosx_11_0_arm64.whl", hash = "sha256:fc182f8f4cda51b45f01c64e4cbedfc2f00aff799debebc305d8d0210c43f251", size = 54835524 },
    { url = "https://files.pythonhosted.org/packages/64/4a/016cda9ad7cf18c58ba074628a4eaae8aa55f3fd06a266398cef8831a5b9/opencv_python-4.10.0.84-cp37-abi3-macosx_12_0_x86_64.whl", hash = "sha256:71e575744f1d23f79741450254660442785f45a0797212852ee5199ef12eed98", size = 56475426 },
    { url = "https://files.pythonhosted.org/packages/81/e4/7a987ebecfe5ceaf32db413b67ff18eb3092c598408862fff4d7cc3fd19b/opencv_python-4.10.0.84-cp37-abi3-manylinux_2_17_aarch64.manylinux2014_aarch64.whl", hash = "sha256:09a332b50488e2dda866a6c5573ee192fe3583239fb26ff2f7f9ceb0bc119ea6", size = 41746971 },
    { url = "https://files.pythonhosted.org/packages/3f/a4/d2537f47fd7fcfba966bd806e3ec18e7ee1681056d4b0a9c8d983983e4d5/opencv_python-4.10.0.84-cp37-abi3-manylinux_2_17_x86_64.manylinux2014_x86_64.whl", hash = "sha256:9ace140fc6d647fbe1c692bcb2abce768973491222c067c131d80957c595b71f", size = 62548253 },
    { url = "https://files.pythonhosted.org/packages/1e/39/bbf57e7b9dab623e8773f6ff36385456b7ae7fa9357a5e53db732c347eac/opencv_python-4.10.0.84-cp37-abi3-win32.whl", hash = "sha256:2db02bb7e50b703f0a2d50c50ced72e95c574e1e5a0bb35a8a86d0b35c98c236", size = 28737688 },
    { url = "https://files.pythonhosted.org/packages/ec/6c/fab8113424af5049f85717e8e527ca3773299a3c6b02506e66436e19874f/opencv_python-4.10.0.84-cp37-abi3-win_amd64.whl", hash = "sha256:32dbbd94c26f611dc5cc6979e6b7aa1f55a64d6b463cc1dcd3c95505a63e48fe", size = 38842521 },
]

[[package]]
name = "packaging"
version = "24.1"
source = { registry = "https://pypi.org/simple" }
sdist = { url = "https://files.pythonhosted.org/packages/51/65/50db4dda066951078f0a96cf12f4b9ada6e4b811516bf0262c0f4f7064d4/packaging-24.1.tar.gz", hash = "sha256:026ed72c8ed3fcce5bf8950572258698927fd1dbda10a5e981cdf0ac37f4f002", size = 148788 }
wheels = [
    { url = "https://files.pythonhosted.org/packages/08/aa/cc0199a5f0ad350994d660967a8efb233fe0416e4639146c089643407ce6/packaging-24.1-py3-none-any.whl", hash = "sha256:5b8f2217dbdbd2f7f384c41c628544e6d52f2d0f53c6d0c3ea61aa5d1d7ff124", size = 53985 },
]

[[package]]
name = "pluggy"
version = "1.5.0"
source = { registry = "https://pypi.org/simple" }
sdist = { url = "https://files.pythonhosted.org/packages/96/2d/02d4312c973c6050a18b314a5ad0b3210edb65a906f868e31c111dede4a6/pluggy-1.5.0.tar.gz", hash = "sha256:2cffa88e94fdc978c4c574f15f9e59b7f4201d439195c3715ca9e2486f1d0cf1", size = 67955 }
wheels = [
    { url = "https://files.pythonhosted.org/packages/88/5f/e351af9a41f866ac3f1fac4ca0613908d9a41741cfcf2228f4ad853b697d/pluggy-1.5.0-py3-none-any.whl", hash = "sha256:44e1ad92c8ca002de6377e165f3e0f1be63266ab4d554740532335b9d75ea669", size = 20556 },
]

[[package]]
name = "pyserial"
version = "3.5"
source = { registry = "https://pypi.org/simple" }
sdist = { url = "https://files.pythonhosted.org/packages/1e/7d/ae3f0a63f41e4d2f6cb66a5b57197850f919f59e558159a4dd3a818f5082/pyserial-3.5.tar.gz", hash = "sha256:3c77e014170dfffbd816e6ffc205e9842efb10be9f58ec16d3e8675b4925cddb", size = 159125 }
wheels = [
    { url = "https://files.pythonhosted.org/packages/07/bc/587a445451b253b285629263eb51c2d8e9bcea4fc97826266d186f96f558/pyserial-3.5-py2.py3-none-any.whl", hash = "sha256:c4451db6ba391ca6ca299fb3ec7bae67a5c55dde170964c7a14ceefec02f2cf0", size = 90585 },
]

[[package]]
name = "pytest"
version = "8.3.3"
source = { registry = "https://pypi.org/simple" }
dependencies = [
    { name = "colorama", marker = "python_full_version >= '3.12' and sys_platform == 'win32'" },
    { name = "iniconfig", marker = "python_full_version >= '3.12'" },
    { name = "packaging", marker = "python_full_version >= '3.12'" },
    { name = "pluggy", marker = "python_full_version >= '3.12'" },
]
sdist = { url = "https://files.pythonhosted.org/packages/8b/6c/62bbd536103af674e227c41a8f3dcd022d591f6eed5facb5a0f31ee33bbc/pytest-8.3.3.tar.gz", hash = "sha256:70b98107bd648308a7952b06e6ca9a50bc660be218d53c257cc1fc94fda10181", size = 1442487 }
wheels = [
    { url = "https://files.pythonhosted.org/packages/6b/77/7440a06a8ead44c7757a64362dd22df5760f9b12dc5f11b6188cd2fc27a0/pytest-8.3.3-py3-none-any.whl", hash = "sha256:a6853c7375b2663155079443d2e45de913a911a11d669df02a50814944db57b2", size = 342341 },
]

[[package]]
name = "ruff"
version = "0.7.1"
source = { registry = "https://pypi.org/simple" }
sdist = { url = "https://files.pythonhosted.org/packages/a6/21/5c6e05e0fd3fbb41be4fb92edbc9a04de70baf60adb61435ce0c6b8c3d55/ruff-0.7.1.tar.gz", hash = "sha256:9d8a41d4aa2dad1575adb98a82870cf5db5f76b2938cf2206c22c940034a36f4", size = 3181670 }
wheels = [
    { url = "https://files.pythonhosted.org/packages/65/45/8a20a9920175c9c4892b2420f80ff3cf14949cf3067118e212f9acd9c908/ruff-0.7.1-py3-none-linux_armv6l.whl", hash = "sha256:cb1bc5ed9403daa7da05475d615739cc0212e861b7306f314379d958592aaa89", size = 10389268 },
    { url = "https://files.pythonhosted.org/packages/1b/d3/2f8382db2cf4f9488e938602e33e36287f9d26cb283aa31f11c31297ce79/ruff-0.7.1-py3-none-macosx_10_12_x86_64.whl", hash = "sha256:27c1c52a8d199a257ff1e5582d078eab7145129aa02721815ca8fa4f9612dc35", size = 10188348 },
    { url = "https://files.pythonhosted.org/packages/a2/31/7d14e2a88da351200f844b7be889a0845d9e797162cf76b136d21b832a23/ruff-0.7.1-py3-none-macosx_11_0_arm64.whl", hash = "sha256:588a34e1ef2ea55b4ddfec26bbe76bc866e92523d8c6cdec5e8aceefeff02d99", size = 9841448 },
    { url = "https://files.pythonhosted.org/packages/db/99/738cafdc768eceeca0bd26c6f03e213aa91203d2278e1d95b1c31c4ece41/ruff-0.7.1-py3-none-manylinux_2_17_aarch64.manylinux2014_aarch64.whl", hash = "sha256:94fc32f9cdf72dc75c451e5f072758b118ab8100727168a3df58502b43a599ca", size = 10674864 },
    { url = "https://files.pythonhosted.org/packages/fe/12/bcf2836b50eab53c65008383e7d55201e490d75167c474f14a16e1af47d2/ruff-0.7.1-py3-none-manylinux_2_17_armv7l.manylinux2014_armv7l.whl", hash = "sha256:985818742b833bffa543a84d1cc11b5e6871de1b4e0ac3060a59a2bae3969250", size = 10192105 },
    { url = "https://files.pythonhosted.org/packages/2b/71/261d5d668bf98b6c44e89bfb5dfa4cb8cb6c8b490a201a3d8030e136ea4f/ruff-0.7.1-py3-none-manylinux_2_17_i686.manylinux2014_i686.whl", hash = "sha256:32f1e8a192e261366c702c5fb2ece9f68d26625f198a25c408861c16dc2dea9c", size = 11194144 },
    { url = "https://files.pythonhosted.org/packages/90/1f/0926d18a3b566fa6e7b3b36093088e4ffef6b6ba4ea85a462d9a93f7e35c/ruff-0.7.1-py3-none-manylinux_2_17_ppc64.manylinux2014_ppc64.whl", hash = "sha256:699085bf05819588551b11751eff33e9ca58b1b86a6843e1b082a7de40da1565", size = 11917066 },
    { url = "https://files.pythonhosted.org/packages/cd/a8/9fac41f128b6a44ab4409c1493430b4ee4b11521e8aeeca19bfe1ce851f9/ruff-0.7.1-py3-none-manylinux_2_17_ppc64le.manylinux2014_ppc64le.whl", hash = "sha256:344cc2b0814047dc8c3a8ff2cd1f3d808bb23c6658db830d25147339d9bf9ea7", size = 11458821 },
    { url = "https://files.pythonhosted.org/packages/25/cd/59644168f086ab13fe4e02943b9489a0aa710171f66b178e179df5383554/ruff-0.7.1-py3-none-manylinux_2_17_s390x.manylinux2014_s390x.whl", hash = "sha256:4316bbf69d5a859cc937890c7ac7a6551252b6a01b1d2c97e8fc96e45a7c8b4a", size = 12700379 },
    { url = "https://files.pythonhosted.org/packages/fb/30/3bac63619eb97174661829c07fc46b2055a053dee72da29d7c304c1cd2c0/ruff-0.7.1-py3-none-manylinux_2_17_x86_64.manylinux2014_x86_64.whl", hash = "sha256:79d3af9dca4c56043e738a4d6dd1e9444b6d6c10598ac52d146e331eb155a8ad", size = 11019813 },
    { url = "https://files.pythonhosted.org/packages/4b/af/f567b885b5cb3bcdbcca3458ebf210cc8c9c7a9f61c332d3c2a050c3b21e/ruff-0.7.1-py3-none-musllinux_1_2_aarch64.whl", hash = "sha256:c5c121b46abde94a505175524e51891f829414e093cd8326d6e741ecfc0a9112", size = 10662146 },
    { url = "https://files.pythonhosted.org/packages/bc/ad/eb930d3ad117a9f2f7261969c21559ebd82bb13b6e8001c7caed0d44be5f/ruff-0.7.1-py3-none-musllinux_1_2_armv7l.whl", hash = "sha256:8422104078324ea250886954e48f1373a8fe7de59283d747c3a7eca050b4e378", size = 10256911 },
    { url = "https://files.pythonhosted.org/packages/20/d5/af292ce70a016fcec792105ca67f768b403dd480a11888bc1f418fed0dd5/ruff-0.7.1-py3-none-musllinux_1_2_i686.whl", hash = "sha256:56aad830af8a9db644e80098fe4984a948e2b6fc2e73891538f43bbe478461b8", size = 10767488 },
    { url = "https://files.pythonhosted.org/packages/24/85/cc04a3bd027f433bebd2a097e63b3167653c079f7f13d8f9a1178e693412/ruff-0.7.1-py3-none-musllinux_1_2_x86_64.whl", hash = "sha256:658304f02f68d3a83c998ad8bf91f9b4f53e93e5412b8f2388359d55869727fd", size = 11093368 },
    { url = "https://files.pythonhosted.org/packages/0b/fb/c39cbf32d1f3e318674b8622f989417231794926b573f76dd4d0ca49f0f1/ruff-0.7.1-py3-none-win32.whl", hash = "sha256:b517a2011333eb7ce2d402652ecaa0ac1a30c114fbbd55c6b8ee466a7f600ee9", size = 8594180 },
    { url = "https://files.pythonhosted.org/packages/5a/71/ec8cdea34ecb90c830ca60d54ac7b509a7b5eab50fae27e001d4470fe813/ruff-0.7.1-py3-none-win_amd64.whl", hash = "sha256:f38c41fcde1728736b4eb2b18850f6d1e3eedd9678c914dede554a70d5241307", size = 9419751 },
    { url = "https://files.pythonhosted.org/packages/79/7b/884553415e9f0a9bf358ed52fb68b934e67ef6c5a62397ace924a1afdf9a/ruff-0.7.1-py3-none-win_arm64.whl", hash = "sha256:19aa200ec824c0f36d0c9114c8ec0087082021732979a359d6f3c390a6ff2a37", size = 8717402 },
]
